
Microsoft Visual Studio Solution File, Format Version 12.00
# Visual Studio Version 16
VisualStudioVersion = 16.0.29613.14
MinimumVisualStudioVersion = 10.0.40219.1
Project("{FAE04EC0-301F-11D3-BF4B-00C04F79EFBC}") = "Вычислитель", "Вычислитель\Вычислитель.csproj", "{F5BC21D4-F257-4E98-BDDB-B0773BEF2C6D}"
EndProject
Project("{FAE04EC0-301F-11D3-BF4B-00C04F79EFBC}") = "Tests", "Tests\Tests.csproj", "{DB0D7C5C-2DED-4D96-87E5-F77CC07C5245}"
EndProject
Global
	GlobalSection(SolutionConfigurationPlatforms) = preSolution
		Debug|Any CPU = Debug|Any CPU
		Release|Any CPU = Release|Any CPU
	EndGlobalSection
	GlobalSection(ProjectConfigurationPlatforms) = postSolution
		{F5BC21D4-F257-4E98-BDDB-B0773BEF2C6D}.Debug|Any CPU.ActiveCfg = Debug|Any CPU
		{F5BC21D4-F257-4E98-BDDB-B0773BEF2C6D}.Debug|Any CPU.Build.0 = Debug|Any CPU
		{F5BC21D4-F257-4E98-BDDB-B0773BEF2C6D}.Release|Any CPU.ActiveCfg = Release|Any CPU
		{F5BC21D4-F257-4E98-BDDB-B0773BEF2C6D}.Release|Any CPU.Build.0 = Release|Any CPU
		{DB0D7C5C-2DED-4D96-87E5-F77CC07C5245}.Debug|Any CPU.ActiveCfg = Debug|Any CPU
		{DB0D7C5C-2DED-4D96-87E5-F77CC07C5245}.Debug|Any CPU.Build.0 = Debug|Any CPU
		{DB0D7C5C-2DED-4D96-87E5-F77CC07C5245}.Release|Any CPU.ActiveCfg = Release|Any CPU
		{DB0D7C5C-2DED-4D96-87E5-F77CC07C5245}.Release|Any CPU.Build.0 = Release|Any CPU
	EndGlobalSection
	GlobalSection(SolutionProperties) = preSolution
		HideSolutionNode = FALSE
	EndGlobalSection
	GlobalSection(ExtensibilityGlobals) = postSolution
		SolutionGuid = {6D3F76DA-C9A8-4DB4-8AEB-83E14027B6D6}
	EndGlobalSection
EndGlobal
